{
  "name": "homepage-test",
  "lockfileVersion": 3,
  "requires": true,
  "packages": {
    "": {
      "dependencies": {
        "@fontsource/lexend": "^5.0.20"
      }
    },
    "node_modules/@fontsource/lexend": {
      "version": "5.0.20",
      "resolved": "https://registry.npmjs.org/@fontsource/lexend/-/lexend-5.0.20.tgz",
      "integrity": "sha512-up8jVBRNP7AMRb7MuRBU/Nh1qHqI1ZWIVfqO1fa4gzOwNEnXyPMfvNy4LV2zYqrS19MfTe5ic7kUKpohsVVsZg=="
    }
  }
}
